// !$*UTF8*$!
{
	archiveVersion = 1;
	classes = {
	};
	objectVersion = 48;
	objects = {

/* Begin PBXBuildFile section */
		739B70FA203EE5F000DCB178 /* AppDelegate.swift in Sources */ = {isa = PBXBuildFile; fileRef = 739B70F9203EE5F000DCB178 /* AppDelegate.swift */; };
		739B70FC203EE5F000DCB178 /* ViewController.swift in Sources */ = {isa = PBXBuildFile; fileRef = 739B70FB203EE5F000DCB178 /* ViewController.swift */; };
		739B7101203EE5F000DCB178 /* Assets.xcassets in Resources */ = {isa = PBXBuildFile; fileRef = 739B7100203EE5F000DCB178 /* Assets.xcassets */; };
		739B7104203EE5F000DCB178 /* LaunchScreen.storyboard in Resources */ = {isa = PBXBuildFile; fileRef = 739B7102203EE5F000DCB178 /* LaunchScreen.storyboard */; };
		D91D8B7485C0A7C13C215D92 /* Pods_Wimix_Test.framework in Frameworks */ = {isa = PBXBuildFile; fileRef = 27BA3A67DCB6F05B9D70EA5E /* Pods_Wimix_Test.framework */; };
/* End PBXBuildFile section */

/* Begin PBXFileReference section */
		27BA3A67DCB6F05B9D70EA5E /* Pods_Wimix_Test.framework */ = {isa = PBXFileReference; explicitFileType = wrapper.framework; includeInIndex = 0; path = Pods_Wimix_Test.framework; sourceTree = BUILT_PRODUCTS_DIR; };
		739B70F6203EE5F000DCB178 /* Wimix-Test.app */ = {isa = PBXFileReference; explicitFileType = wrapper.application; includeInIndex = 0; path = "Wimix-Test.app"; sourceTree = BUILT_PRODUCTS_DIR; };
		739B70F9203EE5F000DCB178 /* AppDelegate.swift */ = {isa = PBXFileReference; lastKnownFileType = sourcecode.swift; path = AppDelegate.swift; sourceTree = "<group>"; };
		739B70FB203EE5F000DCB178 /* ViewController.swift */ = {isa = PBXFileReference; lastKnownFileType = sourcecode.swift; path = ViewController.swift; sourceTree = "<group>"; };
		739B7100203EE5F000DCB178 /* Assets.xcassets */ = {isa = PBXFileReference; lastKnownFileType = folder.assetcatalog; path = Assets.xcassets; sourceTree = "<group>"; };
		739B7103203EE5F000DCB178 /* Base */ = {isa = PBXFileReference; lastKnownFileType = file.storyboard; name = Base; path = Base.lproj/LaunchScreen.storyboard; sourceTree = "<group>"; };
		739B7105203EE5F000DCB178 /* Info.plist */ = {isa = PBXFileReference; lastKnownFileType = text.plist.xml; path = Info.plist; sourceTree = "<group>"; };
		D17E8C7C4D5629061AC684C6 /* Pods-Wimix-Test.release.xcconfig */ = {isa = PBXFileReference; includeInIndex = 1; lastKnownFileType = text.xcconfig; name = "Pods-Wimix-Test.release.xcconfig"; path = "Pods/Target Support Files/Pods-Wimix-Test/Pods-Wimix-Test.release.xcconfig"; sourceTree = "<group>"; };
		D6233623F7A382F024ADB4D4 /* Pods-Wimix-Test.debug.xcconfig */ = {isa = PBXFileReference; includeInIndex = 1; lastKnownFileType = text.xcconfig; name = "Pods-Wimix-Test.debug.xcconfig"; path = "Pods/Target Support Files/Pods-Wimix-Test/Pods-Wimix-Test.debug.xcconfig"; sourceTree = "<group>"; };
/* End PBXFileReference section */

/* Begin PBXFrameworksBuildPhase section */
		739B70F3203EE5F000DCB178 /* Frameworks */ = {
			isa = PBXFrameworksBuildPhase;
			buildActionMask = 2147483647;
			files = (
				D91D8B7485C0A7C13C215D92 /* Pods_Wimix_Test.framework in Frameworks */,
			);
			runOnlyForDeploymentPostprocessing = 0;
		};
/* End PBXFrameworksBuildPhase section */

/* Begin PBXGroup section */
		676FD31A87B536E24AA5E516 /* Frameworks */ = {
			isa = PBXGroup;
			children = (
				27BA3A67DCB6F05B9D70EA5E /* Pods_Wimix_Test.framework */,
			);
			name = Frameworks;
			sourceTree = "<group>";
		};
		739B70ED203EE5F000DCB178 = {
			isa = PBXGroup;
			children = (
				739B70F8203EE5F000DCB178 /* Wimix-Test */,
				739B70F7203EE5F000DCB178 /* Products */,
				B8C7848308D0FB81BC7F7501 /* Pods */,
				676FD31A87B536E24AA5E516 /* Frameworks */,
			);
			sourceTree = "<group>";
		};
		739B70F7203EE5F000DCB178 /* Products */ = {
			isa = PBXGroup;
			children = (
				739B70F6203EE5F000DCB178 /* Wimix-Test.app */,
			);
			name = Products;
			sourceTree = "<group>";
		};
		739B70F8203EE5F000DCB178 /* Wimix-Test */ = {
			isa = PBXGroup;
			children = (
				739B70F9203EE5F000DCB178 /* AppDelegate.swift */,
				739B70FB203EE5F000DCB178 /* ViewController.swift */,
				739B7100203EE5F000DCB178 /* Assets.xcassets */,
				739B7102203EE5F000DCB178 /* LaunchScreen.storyboard */,
				739B7105203EE5F000DCB178 /* Info.plist */,
			);
			path = "Wimix-Test";
			sourceTree = "<group>";
		};
		B8C7848308D0FB81BC7F7501 /* Pods */ = {
			isa = PBXGroup;
			children = (
				D6233623F7A382F024ADB4D4 /* Pods-Wimix-Test.debug.xcconfig */,
				D17E8C7C4D5629061AC684C6 /* Pods-Wimix-Test.release.xcconfig */,
			);
			name = Pods;
			sourceTree = "<group>";
		};
/* End PBXGroup section */

/* Begin PBXNativeTarget section */
		739B70F5203EE5F000DCB178 /* Wimix-Test */ = {
			isa = PBXNativeTarget;
			buildConfigurationList = 739B7108203EE5F100DCB178 /* Build configuration list for PBXNativeTarget "Wimix-Test" */;
			buildPhases = (
				B46998FA3D4ECF442363E989 /* [CP] Check Pods Manifest.lock */,
				739B70F2203EE5F000DCB178 /* Sources */,
				739B70F3203EE5F000DCB178 /* Frameworks */,
				739B70F4203EE5F000DCB178 /* Resources */,
				38455E675C50641D30653C58 /* [CP] Embed Pods Frameworks */,
				23209C6B0DA0BD50050FC1F2 /* [CP] Copy Pods Resources */,
			);
			buildRules = (
			);
			dependencies = (
			);
			name = "Wimix-Test";
			productName = "Wimix-Test";
			productReference = 739B70F6203EE5F000DCB178 /* Wimix-Test.app */;
			productType = "com.apple.product-type.application";
		};
/* End PBXNativeTarget section */

/* Begin PBXProject section */
		739B70EE203EE5F000DCB178 /* Project object */ = {
			isa = PBXProject;
			attributes = {
				LastSwiftUpdateCheck = 0920;
				LastUpgradeCheck = 0920;
				ORGANIZATIONNAME = "Denis Belobrotski";
				TargetAttributes = {
					739B70F5203EE5F000DCB178 = {
						CreatedOnToolsVersion = 9.2;
						ProvisioningStyle = Automatic;
					};
				};
			};
			buildConfigurationList = 739B70F1203EE5F000DCB178 /* Build configuration list for PBXProject "Wimix-Test" */;
			compatibilityVersion = "Xcode 8.0";
			developmentRegion = en;
			hasScannedForEncodings = 0;
			knownRegions = (
				en,
				Base,
			);
			mainGroup = 739B70ED203EE5F000DCB178;
			productRefGroup = 739B70F7203EE5F000DCB178 /* Products */;
			projectDirPath = "";
			projectRoot = "";
			targets = (
				739B70F5203EE5F000DCB178 /* Wimix-Test */,
			);
		};
/* End PBXProject section */

/* Begin PBXResourcesBuildPhase section */
		739B70F4203EE5F000DCB178 /* Resources */ = {
			isa = PBXResourcesBuildPhase;
			buildActionMask = 2147483647;
			files = (
				739B7104203EE5F000DCB178 /* LaunchScreen.storyboard in Resources */,
				739B7101203EE5F000DCB178 /* Assets.xcassets in Resources */,
			);
			runOnlyForDeploymentPostprocessing = 0;
		};
/* End PBXResourcesBuildPhase section */

/* Begin PBXShellScriptBuildPhase section */
		23209C6B0DA0BD50050FC1F2 /* [CP] Copy Pods Resources */ = {
			isa = PBXShellScriptBuildPhase;
			buildActionMask = 2147483647;
			files = (
			);
			inputPaths = (
				"${SRCROOT}/Pods/Target Support Files/Pods-Wimix-Test/Pods-Wimix-Test-resources.sh",
				"${PODS_ROOT}/GoogleMaps/Maps/Frameworks/GoogleMaps.framework/Resources/GoogleMaps.bundle",
				"${PODS_ROOT}/GooglePlacePicker/Frameworks/GooglePlacePicker.framework/Resources/GooglePlacePicker.bundle",
				"${PODS_ROOT}/GooglePlaces/Frameworks/GooglePlaces.framework/Resources/GooglePlaces.bundle",
			);
			name = "[CP] Copy Pods Resources";
			outputPaths = (
				"${TARGET_BUILD_DIR}/${UNLOCALIZED_RESOURCES_FOLDER_PATH}/GoogleMaps.bundle",
				"${TARGET_BUILD_DIR}/${UNLOCALIZED_RESOURCES_FOLDER_PATH}/GooglePlacePicker.bundle",
				"${TARGET_BUILD_DIR}/${UNLOCALIZED_RESOURCES_FOLDER_PATH}/GooglePlaces.bundle",
			);
			runOnlyForDeploymentPostprocessing = 0;
			shellPath = /bin/sh;
			shellScript = "\"${SRCROOT}/Pods/Target Support Files/Pods-Wimix-Test/Pods-Wimix-Test-resources.sh\"\n";
			showEnvVarsInLog = 0;
		};
		38455E675C50641D30653C58 /* [CP] Embed Pods Frameworks */ = {
			isa = PBXShellScriptBuildPhase;
			buildActionMask = 2147483647;
			files = (
			);
			inputPaths = (
				"${SRCROOT}/Pods/Target Support Files/Pods-Wimix-Test/Pods-Wimix-Test-frameworks.sh",
				"${BUILT_PRODUCTS_DIR}/Alamofire/Alamofire.framework",
			);
			name = "[CP] Embed Pods Frameworks";
			outputPaths = (
				"${TARGET_BUILD_DIR}/${FRAMEWORKS_FOLDER_PATH}/Alamofire.framework",
			);
			runOnlyForDeploymentPostprocessing = 0;
			shellPath = /bin/sh;
			shellScript = "\"${SRCROOT}/Pods/Target Support Files/Pods-Wimix-Test/Pods-Wimix-Test-frameworks.sh\"\n";
			showEnvVarsInLog = 0;
		};
		B46998FA3D4ECF442363E989 /* [CP] Check Pods Manifest.lock */ = {
			isa = PBXShellScriptBuildPhase;
			buildActionMask = 2147483647;
			files = (
			);
			inputPaths = (
				"${PODS_PODFILE_DIR_PATH}/Podfile.lock",
				"${PODS_ROOT}/Manifest.lock",
			);
			name = "[CP] Check Pods Manifest.lock";
			outputPaths = (
				"$(DERIVED_FILE_DIR)/Pods-Wimix-Test-checkManifestLockResult.txt",
			);
			runOnlyForDeploymentPostprocessing = 0;
			shellPath = /bin/sh;
			shellScript = "diff \"${PODS_PODFILE_DIR_PATH}/Podfile.lock\" \"${PODS_ROOT}/Manifest.lock\" > /dev/null\nif [ $? != 0 ] ; then\n    # print error to STDERR\n    echo \"error: The sandbox is not in sync with the Podfile.lock. Run 'pod install' or update your CocoaPods installation.\" >&2\n    exit 1\nfi\n# This output is used by Xcode 'outputs' to avoid re-running this script phase.\necho \"SUCCESS\" > \"${SCRIPT_OUTPUT_FILE_0}\"\n";
			showEnvVarsInLog = 0;
		};
/* End PBXShellScriptBuildPhase section */

/* Begin PBXSourcesBuildPhase section */
		739B70F2203EE5F000DCB178 /* Sources */ = {
			isa = PBXSourcesBuildPhase;
			buildActionMask = 2147483647;
			files = (
				739B70FC203EE5F000DCB178 /* ViewController.swift in Sources */,
				739B70FA203EE5F000DCB178 /* AppDelegate.swift in Sources */,
			);
			runOnlyForDeploymentPostprocessing = 0;
		};
/* End PBXSourcesBuildPhase section */

/* Begin PBXVariantGroup section */
		739B7102203EE5F000DCB178 /* LaunchScreen.storyboard */ = {
			isa = PBXVariantGroup;
			children = (
				739B7103203EE5F000DCB178 /* Base */,
			);
			name = LaunchScreen.storyboard;
			sourceTree = "<group>";
		};
/* End PBXVariantGroup section */

/* Begin XCBuildConfiguration section */
		739B7106203EE5F000DCB178 /* Debug */ = {
			isa = XCBuildConfiguration;
			buildSettings = {
				ALWAYS_SEARCH_USER_PATHS = NO;
				CLANG_ANALYZER_NONNULL = YES;
				CLANG_ANALYZER_NUMBER_OBJECT_CONVERSION = YES_AGGRESSIVE;
				CLANG_CXX_LANGUAGE_STANDARD = "gnu++14";
				CLANG_CXX_LIBRARY = "libc++";
				CLANG_ENABLE_MODULES = YES;
				CLANG_ENABLE_OBJC_ARC = YES;
				CLANG_WARN_BLOCK_CAPTURE_AUTORELEASING = YES;
				CLANG_WARN_BOOL_CONVERSION = YES;
				CLANG_WARN_COMMA = YES;
				CLANG_WARN_CONSTANT_CONVERSION = YES;
				CLANG_WARN_DIRECT_OBJC_ISA_USAGE = YES_ERROR;
				CLANG_WARN_DOCUMENTATION_COMMENTS = YES;
				CLANG_WARN_EMPTY_BODY = YES;
				CLANG_WARN_ENUM_CONVERSION = YES;
				CLANG_WARN_INFINITE_RECURSION = YES;
				CLANG_WARN_INT_CONVERSION = YES;
				CLANG_WARN_NON_LITERAL_NULL_CONVERSION = YES;
				CLANG_WARN_OBJC_LITERAL_CONVERSION = YES;
				CLANG_WARN_OBJC_ROOT_CLASS = YES_ERROR;
				CLANG_WARN_RANGE_LOOP_ANALYSIS = YES;
				CLANG_WARN_STRICT_PROTOTYPES = YES;
				CLANG_WARN_SUSPICIOUS_MOVE = YES;
				CLANG_WARN_UNGUARDED_AVAILABILITY = YES_AGGRESSIVE;
				CLANG_WARN_UNREACHABLE_CODE = YES;
				CLANG_WARN__DUPLICATE_METHOD_MATCH = YES;
				CODE_SIGN_IDENTITY = "iPhone Developer";
				COPY_PHASE_STRIP = NO;
				DEBUG_INFORMATION_FORMAT = dwarf;
				ENABLE_STRICT_OBJC_MSGSEND = YES;
				ENABLE_TESTABILITY = YES;
				GCC_C_LANGUAGE_STANDARD = gnu11;
				GCC_DYNAMIC_NO_PIC = NO;
				GCC_NO_COMMON_BLOCKS = YES;
				GCC_OPTIMIZATION_LEVEL = 0;
				GCC_PREPROCESSOR_DEFINITIONS = (
					"DEBUG=1",
					"$(inherited)",
				);
				GCC_WARN_64_TO_32_BIT_CONVERSION = YES;
				GCC_WARN_ABOUT_RETURN_TYPE = YES_ERROR;
				GCC_WARN_UNDECLARED_SELECTOR = YES;
				GCC_WARN_UNINITIALIZED_AUTOS = YES_AGGRESSIVE;
				GCC_WARN_UNUSED_FUNCTION = YES;
				GCC_WARN_UNUSED_VARIABLE = YES;
				IPHONEOS_DEPLOYMENT_TARGET = 11.2;
				MTL_ENABLE_DEBUG_INFO = YES;
				ONLY_ACTIVE_ARCH = YES;
				SDKROOT = iphoneos;
				SWIFT_ACTIVE_COMPILATION_CONDITIONS = DEBUG;
				SWIFT_OPTIMIZATION_LEVEL = "-Onone";
			};
			name = Debug;
		};
		739B7107203EE5F000DCB178 /* Release */ = {
			isa = XCBuildConfiguration;
			buildSettings = {
				ALWAYS_SEARCH_USER_PATHS = NO;
				CLANG_ANALYZER_NONNULL = YES;
				CLANG_ANALYZER_NUMBER_OBJECT_CONVERSION = YES_AGGRESSIVE;
				CLANG_CXX_LANGUAGE_STANDARD = "gnu++14";
				CLANG_CXX_LIBRARY = "libc++";
				CLANG_ENABLE_MODULES = YES;
				CLANG_ENABLE_OBJC_ARC = YES;
				CLANG_WARN_BLOCK_CAPTURE_AUTORELEASING = YES;
				CLANG_WARN_BOOL_CONVERSION = YES;
				CLANG_WARN_COMMA = YES;
				CLANG_WARN_CONSTANT_CONVERSION = YES;
				CLANG_WARN_DIRECT_OBJC_ISA_USAGE = YES_ERROR;
				CLANG_WARN_DOCUMENTATION_COMMENTS = YES;
				CLANG_WARN_EMPTY_BODY = YES;
				CLANG_WARN_ENUM_CONVERSION = YES;
				CLANG_WARN_INFINITE_RECURSION = YES;
				CLANG_WARN_INT_CONVERSION = YES;
				CLANG_WARN_NON_LITERAL_NULL_CONVERSION = YES;
				CLANG_WARN_OBJC_LITERAL_CONVERSION = YES;
				CLANG_WARN_OBJC_ROOT_CLASS = YES_ERROR;
				CLANG_WARN_RANGE_LOOP_ANALYSIS = YES;
				CLANG_WARN_STRICT_PROTOTYPES = YES;
				CLANG_WARN_SUSPICIOUS_MOVE = YES;
				CLANG_WARN_UNGUARDED_AVAILABILITY = YES_AGGRESSIVE;
				CLANG_WARN_UNREACHABLE_CODE = YES;
				CLANG_WARN__DUPLICATE_METHOD_MATCH = YES;
				CODE_SIGN_IDENTITY = "iPhone Developer";
				COPY_PHASE_STRIP = NO;
				DEBUG_INFORMATION_FORMAT = "dwarf-with-dsym";
				ENABLE_NS_ASSERTIONS = NO;
				ENABLE_STRICT_OBJC_MSGSEND = YES;
				GCC_C_LANGUAGE_STANDARD = gnu11;
				GCC_NO_COMMON_BLOCKS = YES;
				GCC_WARN_64_TO_32_BIT_CONVERSION = YES;
				GCC_WARN_ABOUT_RETURN_TYPE = YES_ERROR;
				GCC_WARN_UNDECLARED_SELECTOR = YES;
				GCC_WARN_UNINITIALIZED_AUTOS = YES_AGGRESSIVE;
				GCC_WARN_UNUSED_FUNCTION = YES;
				GCC_WARN_UNUSED_VARIABLE = YES;
				IPHONEOS_DEPLOYMENT_TARGET = 11.2;
				MTL_ENABLE_DEBUG_INFO = NO;
				SDKROOT = iphoneos;
				SWIFT_OPTIMIZATION_LEVEL = "-Owholemodule";
				VALIDATE_PRODUCT = YES;
			};
			name = Release;
		};
		739B7109203EE5F100DCB178 /* Debug */ = {
			isa = XCBuildConfiguration;
			baseConfigurationReference = D6233623F7A382F024ADB4D4 /* Pods-Wimix-Test.debug.xcconfig */;
			buildSettings = {
				ASSETCATALOG_COMPILER_APPICON_NAME = AppIcon;
				CODE_SIGN_STYLE = Automatic;
				INFOPLIST_FILE = "Wimix-Test/Info.plist";
				LD_RUNPATH_SEARCH_PATHS = "$(inherited) @executable_path/Frameworks";
				PRODUCT_BUNDLE_IDENTIFIER = "by.denisbelobrotski.Wimix-Test";
				PRODUCT_NAME = "$(TARGET_NAME)";
				SWIFT_VERSION = 4.0;
				TARGETED_DEVICE_FAMILY = "1,2";
			};
			name = Debug;
		};
		739B710A203EE5F100DCB178 /* Release */ = {
			isa = XCBuildConfiguration;
			baseConfigurationReference = D17E8C7C4D5629061AC684C6 /* Pods-Wimix-Test.release.xcconfig */;
			buildSettings = {
				ASSETCATALOG_COMPILER_APPICON_NAME = AppIcon;
				CODE_SIGN_STYLE = Automatic;
				INFOPLIST_FILE = "Wimix-Test/Info.plist";
				LD_RUNPATH_SEARCH_PATHS = "$(inherited) @executable_path/Frameworks";
				PRODUCT_BUNDLE_IDENTIFIER = "by.denisbelobrotski.Wimix-Test";
				PRODUCT_NAME = "$(TARGET_NAME)";
				SWIFT_VERSION = 4.0;
				TARGETED_DEVICE_FAMILY = "1,2";
			};
			name = Release;
		};
/* End XCBuildConfiguration section */

/* Begin XCConfigurationList section */
		739B70F1203EE5F000DCB178 /* Build configuration list for PBXProject "Wimix-Test" */ = {
			isa = XCConfigurationList;
			buildConfigurations = (
				739B7106203EE5F000DCB178 /* Debug */,
				739B7107203EE5F000DCB178 /* Release */,
			);
			defaultConfigurationIsVisible = 0;
			defaultConfigurationName = Release;
		};
		739B7108203EE5F100DCB178 /* Build configuration list for PBXNativeTarget "Wimix-Test" */ = {
			isa = XCConfigurationList;
			buildConfigurations = (
				739B7109203EE5F100DCB178 /* Debug */,
				739B710A203EE5F100DCB178 /* Release */,
			);
			defaultConfigurationIsVisible = 0;
			defaultConfigurationName = Release;
		};
/* End XCConfigurationList section */
	};
	rootObject = 739B70EE203EE5F000DCB178 /* Project object */;
}
